
Microsoft Visual Studio Solution File, Format Version 12.00
# Visual Studio Version 16
VisualStudioVersion = 16.0.29215.179
MinimumVisualStudioVersion = 10.0.40219.1
Project("{FAE04EC0-301F-11D3-BF4B-00C04F79EFBC}") = "HelloWorldApp1", "HelloWorldApp1\HelloWorldApp1.csproj", "{66B20377-BBF2-4461-966B-502C4F4EFC69}"
EndProject
Global
	GlobalSection(SolutionConfigurationPlatforms) = preSolution
		Debug|Any CPU = Debug|Any CPU
		Release|Any CPU = Release|Any CPU
	EndGlobalSection
	GlobalSection(ProjectConfigurationPlatforms) = postSolution
		{66B20377-BBF2-4461-966B-502C4F4EFC69}.Debug|Any CPU.ActiveCfg = Debug|Any CPU
		{66B20377-BBF2-4461-966B-502C4F4EFC69}.Debug|Any CPU.Build.0 = Debug|Any CPU
		{66B20377-BBF2-4461-966B-502C4F4EFC69}.Release|Any CPU.ActiveCfg = Release|Any CPU
		{66B20377-BBF2-4461-966B-502C4F4EFC69}.Release|Any CPU.Build.0 = Release|Any CPU
	EndGlobalSection
	GlobalSection(SolutionProperties) = preSolution
		HideSolutionNode = FALSE
	EndGlobalSection
	GlobalSection(ExtensibilityGlobals) = postSolution
		SolutionGuid = {95FBC2AF-F0A6-4F1E-ADD8-010A1DDEA968}
	EndGlobalSection
EndGlobal
